
Microsoft Visual Studio Solution File, Format Version 12.00
# Visual Studio Version 17
VisualStudioVersion = 17.2.32616.157
MinimumVisualStudioVersion = 10.0.40219.1
Project("{9A19103F-16F7-4668-BE54-9A1E7A4F7556}") = "ComplaintSystem.Web", "ComplaintSystem.Web\ComplaintSystem.Web.csproj", "{46017D78-CB37-44CF-B8B1-3F31F9DAD6AC}"
EndProject
Project("{9A19103F-16F7-4668-BE54-9A1E7A4F7556}") = "ComplaintSystem.Entities", "ComplaintSystem.Entities\ComplaintSystem.Entities.csproj", "{24E1E407-E2B9-471B-97A9-9FA79014A10A}"
EndProject
Project("{9A19103F-16F7-4668-BE54-9A1E7A4F7556}") = "ComplaintSystem.Business", "ComplaintSystem.Business\ComplaintSystem.Business.csproj", "{CA2116D4-13B8-4BD2-A854-017E83A286D0}"
EndProject
Project("{FAE04EC0-301F-11D3-BF4B-00C04F79EFBC}") = "ComplaintSystem.DataAccess", "ComplaintSystem.DataAccess\ComplaintSystem.DataAccess.csproj", "{4A55F910-162A-4762-8C32-9A550DC0F278}"
EndProject
Global
	GlobalSection(SolutionConfigurationPlatforms) = preSolution
		Debug|Any CPU = Debug|Any CPU
		Release|Any CPU = Release|Any CPU
	EndGlobalSection
	GlobalSection(ProjectConfigurationPlatforms) = postSolution
		{46017D78-CB37-44CF-B8B1-3F31F9DAD6AC}.Debug|Any CPU.ActiveCfg = Debug|Any CPU
		{46017D78-CB37-44CF-B8B1-3F31F9DAD6AC}.Debug|Any CPU.Build.0 = Debug|Any CPU
		{46017D78-CB37-44CF-B8B1-3F31F9DAD6AC}.Release|Any CPU.ActiveCfg = Release|Any CPU
		{46017D78-CB37-44CF-B8B1-3F31F9DAD6AC}.Release|Any CPU.Build.0 = Release|Any CPU
		{24E1E407-E2B9-471B-97A9-9FA79014A10A}.Debug|Any CPU.ActiveCfg = Debug|Any CPU
		{24E1E407-E2B9-471B-97A9-9FA79014A10A}.Debug|Any CPU.Build.0 = Debug|Any CPU
		{24E1E407-E2B9-471B-97A9-9FA79014A10A}.Release|Any CPU.ActiveCfg = Release|Any CPU
		{24E1E407-E2B9-471B-97A9-9FA79014A10A}.Release|Any CPU.Build.0 = Release|Any CPU
		{CA2116D4-13B8-4BD2-A854-017E83A286D0}.Debug|Any CPU.ActiveCfg = Debug|Any CPU
		{CA2116D4-13B8-4BD2-A854-017E83A286D0}.Debug|Any CPU.Build.0 = Debug|Any CPU
		{CA2116D4-13B8-4BD2-A854-017E83A286D0}.Release|Any CPU.ActiveCfg = Release|Any CPU
		{CA2116D4-13B8-4BD2-A854-017E83A286D0}.Release|Any CPU.Build.0 = Release|Any CPU
		{4A55F910-162A-4762-8C32-9A550DC0F278}.Debug|Any CPU.ActiveCfg = Debug|Any CPU
		{4A55F910-162A-4762-8C32-9A550DC0F278}.Debug|Any CPU.Build.0 = Debug|Any CPU
		{4A55F910-162A-4762-8C32-9A550DC0F278}.Release|Any CPU.ActiveCfg = Release|Any CPU
		{4A55F910-162A-4762-8C32-9A550DC0F278}.Release|Any CPU.Build.0 = Release|Any CPU
	EndGlobalSection
	GlobalSection(SolutionProperties) = preSolution
		HideSolutionNode = FALSE
	EndGlobalSection
	GlobalSection(ExtensibilityGlobals) = postSolution
		SolutionGuid = {9E3F1EE8-9B98-49CE-AEB0-C63B12C146B5}
	EndGlobalSection
EndGlobal
